
Microsoft Visual Studio Solution File, Format Version 12.00
# Visual Studio Version 17
VisualStudioVersion = 17.2.32505.173
MinimumVisualStudioVersion = 10.0.40219.1
Project("{FAE04EC0-301F-11D3-BF4B-00C04F79EFBC}") = "MergeExcel", "MergeExcel\MergeExcel.csproj", "{0212939D-F04B-4907-9C46-B9D70C09499A}"
EndProject
Global
	GlobalSection(SolutionConfigurationPlatforms) = preSolution
		Debug|Any CPU = Debug|Any CPU
		Release|Any CPU = Release|Any CPU
	EndGlobalSection
	GlobalSection(ProjectConfigurationPlatforms) = postSolution
		{0212939D-F04B-4907-9C46-B9D70C09499A}.Debug|Any CPU.ActiveCfg = Debug|Any CPU
		{0212939D-F04B-4907-9C46-B9D70C09499A}.Debug|Any CPU.Build.0 = Debug|Any CPU
		{0212939D-F04B-4907-9C46-B9D70C09499A}.Release|Any CPU.ActiveCfg = Release|Any CPU
		{0212939D-F04B-4907-9C46-B9D70C09499A}.Release|Any CPU.Build.0 = Release|Any CPU
	EndGlobalSection
	GlobalSection(SolutionProperties) = preSolution
		HideSolutionNode = FALSE
	EndGlobalSection
	GlobalSection(ExtensibilityGlobals) = postSolution
		SolutionGuid = {AFCB1064-49D5-412A-96AE-51A3A1BFB22C}
	EndGlobalSection
EndGlobal
